
Microsoft Visual Studio Solution File, Format Version 12.00
Project("{FAE04EC0-301F-11D3-BF4B-00C04F79EFBC}") = "DbContextPoolingTest", "DbContextPoolingTest\DbContextPoolingTest.csproj", "{B7EEA84A-012F-4AF2-89D6-DE0954738CE3}"
EndProject
Global
	GlobalSection(SolutionConfigurationPlatforms) = preSolution
		Debug|Any CPU = Debug|Any CPU
		Release|Any CPU = Release|Any CPU
	EndGlobalSection
	GlobalSection(ProjectConfigurationPlatforms) = postSolution
		{B7EEA84A-012F-4AF2-89D6-DE0954738CE3}.Debug|Any CPU.ActiveCfg = Debug|Any CPU
		{B7EEA84A-012F-4AF2-89D6-DE0954738CE3}.Debug|Any CPU.Build.0 = Debug|Any CPU
		{B7EEA84A-012F-4AF2-89D6-DE0954738CE3}.Release|Any CPU.ActiveCfg = Release|Any CPU
		{B7EEA84A-012F-4AF2-89D6-DE0954738CE3}.Release|Any CPU.Build.0 = Release|Any CPU
	EndGlobalSection
EndGlobal
